
Microsoft Visual Studio Solution File, Format Version 12.00
# Visual Studio Version 16
VisualStudioVersion = 16.0.29403.142
MinimumVisualStudioVersion = 10.0.40219.1
Project("{FAE04EC0-301F-11D3-BF4B-00C04F79EFBC}") = "LINQtoObject", "LINQtoObject.csproj", "{A6AF280B-048B-49AF-BEBF-5D3E8F48E2D0}"
EndProject
Global
	GlobalSection(SolutionConfigurationPlatforms) = preSolution
		Debug|Any CPU = Debug|Any CPU
		Release|Any CPU = Release|Any CPU
	EndGlobalSection
	GlobalSection(ProjectConfigurationPlatforms) = postSolution
		{A6AF280B-048B-49AF-BEBF-5D3E8F48E2D0}.Debug|Any CPU.ActiveCfg = Debug|Any CPU
		{A6AF280B-048B-49AF-BEBF-5D3E8F48E2D0}.Debug|Any CPU.Build.0 = Debug|Any CPU
		{A6AF280B-048B-49AF-BEBF-5D3E8F48E2D0}.Release|Any CPU.ActiveCfg = Release|Any CPU
		{A6AF280B-048B-49AF-BEBF-5D3E8F48E2D0}.Release|Any CPU.Build.0 = Release|Any CPU
	EndGlobalSection
	GlobalSection(SolutionProperties) = preSolution
		HideSolutionNode = FALSE
	EndGlobalSection
	GlobalSection(ExtensibilityGlobals) = postSolution
		SolutionGuid = {7E5C1BDA-1535-4D28-83E7-504C313513A3}
	EndGlobalSection
EndGlobal
